
Microsoft Visual Studio Solution File, Format Version 12.00
# Visual Studio Version 17
VisualStudioVersion = 17.9.34902.65
MinimumVisualStudioVersion = 10.0.40219.1
Project("{FAE04EC0-301F-11D3-BF4B-00C04F79EFBC}") = "RestWithASPNETUdemy", "RestWithASPNETUdemy\RestWithASPNETUdemy.csproj", "{B3F833E9-488E-4A27-A59D-DB8B12EC03A4}"
EndProject
Global
	GlobalSection(SolutionConfigurationPlatforms) = preSolution
		Debug|Any CPU = Debug|Any CPU
		Release|Any CPU = Release|Any CPU
	EndGlobalSection
	GlobalSection(ProjectConfigurationPlatforms) = postSolution
		{B3F833E9-488E-4A27-A59D-DB8B12EC03A4}.Debug|Any CPU.ActiveCfg = Debug|Any CPU
		{B3F833E9-488E-4A27-A59D-DB8B12EC03A4}.Debug|Any CPU.Build.0 = Debug|Any CPU
		{B3F833E9-488E-4A27-A59D-DB8B12EC03A4}.Release|Any CPU.ActiveCfg = Release|Any CPU
		{B3F833E9-488E-4A27-A59D-DB8B12EC03A4}.Release|Any CPU.Build.0 = Release|Any CPU
	EndGlobalSection
	GlobalSection(SolutionProperties) = preSolution
		HideSolutionNode = FALSE
	EndGlobalSection
	GlobalSection(ExtensibilityGlobals) = postSolution
		SolutionGuid = {F09B88D5-8074-4383-8AC7-B7F3948673B8}
	EndGlobalSection
EndGlobal
